
Microsoft Visual Studio Solution File, Format Version 12.00
# Visual Studio 15
VisualStudioVersion = 15.0.27703.2047
MinimumVisualStudioVersion = 10.0.40219.1
Project("{FAE04EC0-301F-11D3-BF4B-00C04F79EFBC}") = "TDDpractice.UnitTests", "TDDpractice.UnitTests\TDDpractice.UnitTests.csproj", "{5B7C74AF-E407-439A-835E-65C27EE56CDC}"
EndProject
Project("{FAE04EC0-301F-11D3-BF4B-00C04F79EFBC}") = "TDDgrading", "TDDgrading\TDDgrading.csproj", "{7B982931-A336-419C-94C2-5F36DF95135F}"
EndProject
Project("{FAE04EC0-301F-11D3-BF4B-00C04F79EFBC}") = "LeftRotation", "LeftRotation\LeftRotation.csproj", "{87940F27-1471-4C58-AC53-0CA7EDBD3B1C}"
EndProject
Project("{FAE04EC0-301F-11D3-BF4B-00C04F79EFBC}") = "RomanNumeralConverter", "RomanNumeralConverter\RomanNumeralConverter.csproj", "{458F1BFB-E695-492C-8074-E119C98C228B}"
EndProject
Project("{FAE04EC0-301F-11D3-BF4B-00C04F79EFBC}") = "TDDdueDate", "tdd_duedate-master\TDDdueDate.csproj", "{61D5A2D6-6AE9-4938-A60C-7BB28FE3CA64}"
EndProject
Project("{FAE04EC0-301F-11D3-BF4B-00C04F79EFBC}") = "RepeatedString", "RepeatedString\RepeatedString.csproj", "{217FA7A0-D0C5-415A-9BBE-55F97069F39B}"
EndProject
Project("{9A19103F-16F7-4668-BE54-9A1E7A4F7556}") = "RetirementCalc.Tests", "TDD-master\RetirementCalc_SetUp\RetirementCalc.Tests\RetirementCalc.Tests.csproj", "{CE6A1082-8047-4512-9AFE-A8A72658AF39}"
EndProject
Project("{9A19103F-16F7-4668-BE54-9A1E7A4F7556}") = "RetirementCalc.Service", "TDD-master\RetirementCalc_SetUp\RetirementCalc.Service\RetirementCalc.Service.csproj", "{151480F8-E249-4EFE-9F96-B6D4A58F126B}"
EndProject
Global
	GlobalSection(SolutionConfigurationPlatforms) = preSolution
		Debug|Any CPU = Debug|Any CPU
		Release|Any CPU = Release|Any CPU
	EndGlobalSection
	GlobalSection(ProjectConfigurationPlatforms) = postSolution
		{5B7C74AF-E407-439A-835E-65C27EE56CDC}.Debug|Any CPU.ActiveCfg = Debug|Any CPU
		{5B7C74AF-E407-439A-835E-65C27EE56CDC}.Debug|Any CPU.Build.0 = Debug|Any CPU
		{5B7C74AF-E407-439A-835E-65C27EE56CDC}.Release|Any CPU.ActiveCfg = Release|Any CPU
		{5B7C74AF-E407-439A-835E-65C27EE56CDC}.Release|Any CPU.Build.0 = Release|Any CPU
		{7B982931-A336-419C-94C2-5F36DF95135F}.Debug|Any CPU.ActiveCfg = Debug|Any CPU
		{7B982931-A336-419C-94C2-5F36DF95135F}.Debug|Any CPU.Build.0 = Debug|Any CPU
		{7B982931-A336-419C-94C2-5F36DF95135F}.Release|Any CPU.ActiveCfg = Release|Any CPU
		{7B982931-A336-419C-94C2-5F36DF95135F}.Release|Any CPU.Build.0 = Release|Any CPU
		{87940F27-1471-4C58-AC53-0CA7EDBD3B1C}.Debug|Any CPU.ActiveCfg = Debug|Any CPU
		{87940F27-1471-4C58-AC53-0CA7EDBD3B1C}.Debug|Any CPU.Build.0 = Debug|Any CPU
		{87940F27-1471-4C58-AC53-0CA7EDBD3B1C}.Release|Any CPU.ActiveCfg = Release|Any CPU
		{87940F27-1471-4C58-AC53-0CA7EDBD3B1C}.Release|Any CPU.Build.0 = Release|Any CPU
		{458F1BFB-E695-492C-8074-E119C98C228B}.Debug|Any CPU.ActiveCfg = Debug|Any CPU
		{458F1BFB-E695-492C-8074-E119C98C228B}.Debug|Any CPU.Build.0 = Debug|Any CPU
		{458F1BFB-E695-492C-8074-E119C98C228B}.Release|Any CPU.ActiveCfg = Release|Any CPU
		{458F1BFB-E695-492C-8074-E119C98C228B}.Release|Any CPU.Build.0 = Release|Any CPU
		{61D5A2D6-6AE9-4938-A60C-7BB28FE3CA64}.Debug|Any CPU.ActiveCfg = Debug|Any CPU
		{61D5A2D6-6AE9-4938-A60C-7BB28FE3CA64}.Debug|Any CPU.Build.0 = Debug|Any CPU
		{61D5A2D6-6AE9-4938-A60C-7BB28FE3CA64}.Release|Any CPU.ActiveCfg = Release|Any CPU
		{61D5A2D6-6AE9-4938-A60C-7BB28FE3CA64}.Release|Any CPU.Build.0 = Release|Any CPU
		{217FA7A0-D0C5-415A-9BBE-55F97069F39B}.Debug|Any CPU.ActiveCfg = Debug|Any CPU
		{217FA7A0-D0C5-415A-9BBE-55F97069F39B}.Debug|Any CPU.Build.0 = Debug|Any CPU
		{217FA7A0-D0C5-415A-9BBE-55F97069F39B}.Release|Any CPU.ActiveCfg = Release|Any CPU
		{217FA7A0-D0C5-415A-9BBE-55F97069F39B}.Release|Any CPU.Build.0 = Release|Any CPU
		{CE6A1082-8047-4512-9AFE-A8A72658AF39}.Debug|Any CPU.ActiveCfg = Debug|Any CPU
		{CE6A1082-8047-4512-9AFE-A8A72658AF39}.Debug|Any CPU.Build.0 = Debug|Any CPU
		{CE6A1082-8047-4512-9AFE-A8A72658AF39}.Release|Any CPU.ActiveCfg = Release|Any CPU
		{CE6A1082-8047-4512-9AFE-A8A72658AF39}.Release|Any CPU.Build.0 = Release|Any CPU
		{151480F8-E249-4EFE-9F96-B6D4A58F126B}.Debug|Any CPU.ActiveCfg = Debug|Any CPU
		{151480F8-E249-4EFE-9F96-B6D4A58F126B}.Debug|Any CPU.Build.0 = Debug|Any CPU
		{151480F8-E249-4EFE-9F96-B6D4A58F126B}.Release|Any CPU.ActiveCfg = Release|Any CPU
		{151480F8-E249-4EFE-9F96-B6D4A58F126B}.Release|Any CPU.Build.0 = Release|Any CPU
	EndGlobalSection
	GlobalSection(SolutionProperties) = preSolution
		HideSolutionNode = FALSE
	EndGlobalSection
	GlobalSection(ExtensibilityGlobals) = postSolution
		SolutionGuid = {A2F5C8EE-8B42-4C6A-AA2A-664D16CADC1E}
	EndGlobalSection
EndGlobal
